
Microsoft Visual Studio Solution File, Format Version 12.00
# Visual Studio Version 17
VisualStudioVersion = 17.4.33213.308
MinimumVisualStudioVersion = 10.0.40219.1
Project("{FAE04EC0-301F-11D3-BF4B-00C04F79EFBC}") = "StendaAdminSystemAPI", "StendaAdminSystemAPI\StendaAdminSystemAPI.csproj", "{2A489782-4EB6-4E81-9940-65A808960DAE}"
EndProject
Global
	GlobalSection(SolutionConfigurationPlatforms) = preSolution
		Debug|Any CPU = Debug|Any CPU
		Release|Any CPU = Release|Any CPU
	EndGlobalSection
	GlobalSection(ProjectConfigurationPlatforms) = postSolution
		{2A489782-4EB6-4E81-9940-65A808960DAE}.Debug|Any CPU.ActiveCfg = Debug|Any CPU
		{2A489782-4EB6-4E81-9940-65A808960DAE}.Debug|Any CPU.Build.0 = Debug|Any CPU
		{2A489782-4EB6-4E81-9940-65A808960DAE}.Release|Any CPU.ActiveCfg = Release|Any CPU
		{2A489782-4EB6-4E81-9940-65A808960DAE}.Release|Any CPU.Build.0 = Release|Any CPU
	EndGlobalSection
	GlobalSection(SolutionProperties) = preSolution
		HideSolutionNode = FALSE
	EndGlobalSection
	GlobalSection(ExtensibilityGlobals) = postSolution
		SolutionGuid = {3585715C-4FC7-416D-A1EC-9FFDAAA98EE9}
	EndGlobalSection
EndGlobal
